
Microsoft Visual Studio Solution File, Format Version 12.00
# Visual Studio Version 16
VisualStudioVersion = 16.0.30717.126
MinimumVisualStudioVersion = 10.0.40219.1
Project("{FAE04EC0-301F-11D3-BF4B-00C04F79EFBC}") = "SuperheroMemoryGame(1)", "SuperheroMemoryGame(1).csproj", "{94A26282-64AC-4483-B523-284EBC9E2B57}"
EndProject
Global
	GlobalSection(SolutionConfigurationPlatforms) = preSolution
		Debug|Any CPU = Debug|Any CPU
		Release|Any CPU = Release|Any CPU
	EndGlobalSection
	GlobalSection(ProjectConfigurationPlatforms) = postSolution
		{94A26282-64AC-4483-B523-284EBC9E2B57}.Debug|Any CPU.ActiveCfg = Debug|Any CPU
		{94A26282-64AC-4483-B523-284EBC9E2B57}.Debug|Any CPU.Build.0 = Debug|Any CPU
		{94A26282-64AC-4483-B523-284EBC9E2B57}.Release|Any CPU.ActiveCfg = Release|Any CPU
		{94A26282-64AC-4483-B523-284EBC9E2B57}.Release|Any CPU.Build.0 = Release|Any CPU
	EndGlobalSection
	GlobalSection(SolutionProperties) = preSolution
		HideSolutionNode = FALSE
	EndGlobalSection
	GlobalSection(ExtensibilityGlobals) = postSolution
		SolutionGuid = {4A50CC1A-C7A6-45BE-B8C8-C6296114B5BD}
	EndGlobalSection
EndGlobal
